{
  "name": "@bit/frankwatching.fw_7_test.atoms.global-styles",
  "version": "0.0.1",
  "lockfileVersion": 1,
  "requires": true,
  "dependencies": {
    "@bit/frankwatching.fw_7_test.atoms.colors": {
      "version": "file:../colors"
    },
    "@bit/frankwatching.fw_7_test.atoms.fonts": {
      "version": "file:../fonts"
    },
    "@bit/frankwatching.fw_7_test.atoms.spacings": {
      "version": "file:../spacings"
    }
  }
}
